{
    "_readme": [
        "This file locks the dependencies of your project to a known state",
        "Read more about it at https://getcomposer.org/doc/01-basic-usage.md#installing-dependencies",
        "This file is @generated automatically"
    ],
    "content-hash": "d344366ce389ed09d1a389f9295c1546",
    "packages": [
        {
            "name": "hongxunpan/php-tools",
            "version": "dev-main",
            "source": {
                "type": "git",
                "url": "https://github.com/HongXunPan/php-tools.git",
                "reference": "007d0efd862a9d6b5b67abfeee09bd56dd8950ff"
            },
            "dist": {
                "type": "zip",
                "url": "https://api.github.com/repos/HongXunPan/php-tools/zipball/007d0efd862a9d6b5b67abfeee09bd56dd8950ff",
                "reference": "007d0efd862a9d6b5b67abfeee09bd56dd8950ff",
                "shasum": ""
            },
            "require": {
                "php": ">=5.6"
            },
            "require-dev": {
                "symfony/var-dumper": "^6.0"
            },
            "default-branch": true,
            "type": "library",
            "autoload": {
                "psr-4": {
                    "HongXunPan\\Tools\\": "src/"
                }
            },
            "notification-url": "https://packagist.org/downloads/",
            "license": [
                "MIT"
            ],
            "authors": [
                {
                    "name": "HongXunPan",
                    "email": "me@kangxuanpeng.com"
                }
            ],
            "description": "common php tools and functions",
            "support": {
                "issues": "https://github.com/HongXunPan/php-tools/issues",
                "source": "https://github.com/HongXunPan/php-tools/tree/1.3.0"
            },
            "time": "2022-10-05T16:56:58+00:00"
        }
    ],
    "packages-dev": [],
    "aliases": [],
    "minimum-stability": "dev",
    "stability-flags": {
        "hongxunpan/php-tools": 20
    },
    "prefer-stable": false,
    "prefer-lowest": false,
    "platform": {
        "php": "^8.0.20"
    },
    "platform-dev": [],
    "plugin-api-version": "2.3.0"
}
