{
    "_readme": [
        "This file locks the dependencies of your project to a known state",
        "Read more about it at https://getcomposer.org/doc/01-basic-usage.md#installing-dependencies",
        "This file is @generated automatically"
    ],
    "content-hash": "984ebad1c78b5e60ce884c5500c22dd6",
    "packages": [
        {
            "name": "guzzlehttp/guzzle",
            "version": "7.7.x-dev",
            "source": {
                "type": "git",
                "url": "https://github.com/guzzle/guzzle.git",
                "reference": "21314fd3f7b673044ec49b7a0b1d0b2ede2d57ff"
            },
            "dist": {
                "type": "zip",
                "url": "https://api.github.com/repos/guzzle/guzzle/zipball/21314fd3f7b673044ec49b7a0b1d0b2ede2d57ff",
                "reference": "21314fd3f7b673044ec49b7a0b1d0b2ede2d57ff",
                "shasum": ""
            },
            "require": {
                "ext-json": "*",
                "guzzlehttp/promises": "^1.5.3 || ^2.0",
                "guzzlehttp/psr7": "^1.9.1 || ^2.4.5",
                "php": "^7.2.5 || ^8.0",
                "psr/http-client": "^1.0",
                "symfony/deprecation-contracts": "^2.2 || ^3.0"
            },
            "provide": {
                "psr/http-client-implementation": "1.0"
            },
            "require-dev": {
                "bamarni/composer-bin-plugin": "^1.8.1",
                "ext-curl": "*",
                "php-http/client-integration-tests": "dev-master#2c025848417c1135031fdf9c728ee53d0a7ceaee as 3.0.999",
                "php-http/message-factory": "^1.1",
                "phpunit/phpunit": "^8.5.29 || ^9.5.23",
                "psr/log": "^1.1 || ^2.0 || ^3.0"
            },
            "suggest": {
                "ext-curl": "Required for CURL handler support",
                "ext-intl": "Required for Internationalized Domain Name (IDN) support",
                "psr/log": "Required for using the Log middleware"
            },
            "default-branch": true,
            "type": "library",
            "extra": {
                "bamarni-bin": {
                    "bin-links": true,
                    "forward-command": false
                }
            },
            "autoload": {
                "files": [
                    "src/functions_include.php"
                ],
                "psr-4": {
                    "GuzzleHttp\\": "src/"
                }
            },
            "notification-url": "https://packagist.org/downloads/",
            "license": [
                "MIT"
            ],
            "authors": [
                {
                    "name": "Graham Campbell",
                    "email": "hello@gjcampbell.co.uk",
                    "homepage": "https://github.com/GrahamCampbell"
                },
                {
                    "name": "Michael Dowling",
                    "email": "mtdowling@gmail.com",
                    "homepage": "https://github.com/mtdowling"
                },
                {
                    "name": "Jeremy Lindblom",
                    "email": "jeremeamia@gmail.com",
                    "homepage": "https://github.com/jeremeamia"
                },
                {
                    "name": "George Mponos",
                    "email": "gmponos@gmail.com",
                    "homepage": "https://github.com/gmponos"
                },
                {
                    "name": "Tobias Nyholm",
                    "email": "tobias.nyholm@gmail.com",
                    "homepage": "https://github.com/Nyholm"
                },
                {
                    "name": "Márk Sági-Kazár",
                    "email": "mark.sagikazar@gmail.com",
                    "homepage": "https://github.com/sagikazarmark"
                },
                {
                    "name": "Tobias Schultze",
                    "email": "webmaster@tubo-world.de",
                    "homepage": "https://github.com/Tobion"
                }
            ],
            "description": "Guzzle is a PHP HTTP client library",
            "keywords": [
                "client",
                "curl",
                "framework",
                "http",
                "http client",
                "psr-18",
                "psr-7",
                "rest",
                "web service"
            ],
            "support": {
                "issues": "https://github.com/guzzle/guzzle/issues",
                "source": "https://github.com/guzzle/guzzle/tree/7.7"
            },
            "funding": [
                {
                    "url": "https://github.com/GrahamCampbell",
                    "type": "github"
                },
                {
                    "url": "https://github.com/Nyholm",
                    "type": "github"
                },
                {
                    "url": "https://tidelift.com/funding/github/packagist/guzzlehttp/guzzle",
                    "type": "tidelift"
                }
            ],
            "time": "2023-08-03T17:16:17+00:00"
        },
        {
            "name": "guzzlehttp/promises",
            "version": "2.0.x-dev",
            "source": {
                "type": "git",
                "url": "https://github.com/guzzle/promises.git",
                "reference": "111166291a0f8130081195ac4556a5587d7f1b5d"
            },
            "dist": {
                "type": "zip",
                "url": "https://api.github.com/repos/guzzle/promises/zipball/111166291a0f8130081195ac4556a5587d7f1b5d",
                "reference": "111166291a0f8130081195ac4556a5587d7f1b5d",
                "shasum": ""
            },
            "require": {
                "php": "^7.2.5 || ^8.0"
            },
            "require-dev": {
                "bamarni/composer-bin-plugin": "^1.8.1",
                "phpunit/phpunit": "^8.5.29 || ^9.5.23"
            },
            "default-branch": true,
            "type": "library",
            "extra": {
                "bamarni-bin": {
                    "bin-links": true,
                    "forward-command": false
                }
            },
            "autoload": {
                "psr-4": {
                    "GuzzleHttp\\Promise\\": "src/"
                }
            },
            "notification-url": "https://packagist.org/downloads/",
            "license": [
                "MIT"
            ],
            "authors": [
                {
                    "name": "Graham Campbell",
                    "email": "hello@gjcampbell.co.uk",
                    "homepage": "https://github.com/GrahamCampbell"
                },
                {
                    "name": "Michael Dowling",
                    "email": "mtdowling@gmail.com",
                    "homepage": "https://github.com/mtdowling"
                },
                {
                    "name": "Tobias Nyholm",
                    "email": "tobias.nyholm@gmail.com",
                    "homepage": "https://github.com/Nyholm"
                },
                {
                    "name": "Tobias Schultze",
                    "email": "webmaster@tubo-world.de",
                    "homepage": "https://github.com/Tobion"
                }
            ],
            "description": "Guzzle promises library",
            "keywords": [
                "promise"
            ],
            "support": {
                "issues": "https://github.com/guzzle/promises/issues",
                "source": "https://github.com/guzzle/promises/tree/2.0.1"
            },
            "funding": [
                {
                    "url": "https://github.com/GrahamCampbell",
                    "type": "github"
                },
                {
                    "url": "https://github.com/Nyholm",
                    "type": "github"
                },
                {
                    "url": "https://tidelift.com/funding/github/packagist/guzzlehttp/promises",
                    "type": "tidelift"
                }
            ],
            "time": "2023-08-03T15:11:55+00:00"
        },
        {
            "name": "guzzlehttp/psr7",
            "version": "2.6.x-dev",
            "source": {
                "type": "git",
                "url": "https://github.com/guzzle/psr7.git",
                "reference": "8bd7c33a0734ae1c5d074360512beb716bef3f77"
            },
            "dist": {
                "type": "zip",
                "url": "https://api.github.com/repos/guzzle/psr7/zipball/8bd7c33a0734ae1c5d074360512beb716bef3f77",
                "reference": "8bd7c33a0734ae1c5d074360512beb716bef3f77",
                "shasum": ""
            },
            "require": {
                "php": "^7.2.5 || ^8.0",
                "psr/http-factory": "^1.0",
                "psr/http-message": "^1.1 || ^2.0",
                "ralouphie/getallheaders": "^3.0"
            },
            "provide": {
                "psr/http-factory-implementation": "1.0",
                "psr/http-message-implementation": "1.0"
            },
            "require-dev": {
                "bamarni/composer-bin-plugin": "^1.8.1",
                "http-interop/http-factory-tests": "^0.9",
                "phpunit/phpunit": "^8.5.29 || ^9.5.23"
            },
            "suggest": {
                "laminas/laminas-httphandlerrunner": "Emit PSR-7 responses"
            },
            "default-branch": true,
            "type": "library",
            "extra": {
                "bamarni-bin": {
                    "bin-links": true,
                    "forward-command": false
                }
            },
            "autoload": {
                "psr-4": {
                    "GuzzleHttp\\Psr7\\": "src/"
                }
            },
            "notification-url": "https://packagist.org/downloads/",
            "license": [
                "MIT"
            ],
            "authors": [
                {
                    "name": "Graham Campbell",
                    "email": "hello@gjcampbell.co.uk",
                    "homepage": "https://github.com/GrahamCampbell"
                },
                {
                    "name": "Michael Dowling",
                    "email": "mtdowling@gmail.com",
                    "homepage": "https://github.com/mtdowling"
                },
                {
                    "name": "George Mponos",
                    "email": "gmponos@gmail.com",
                    "homepage": "https://github.com/gmponos"
                },
                {
                    "name": "Tobias Nyholm",
                    "email": "tobias.nyholm@gmail.com",
                    "homepage": "https://github.com/Nyholm"
                },
                {
                    "name": "Márk Sági-Kazár",
                    "email": "mark.sagikazar@gmail.com",
                    "homepage": "https://github.com/sagikazarmark"
                },
                {
                    "name": "Tobias Schultze",
                    "email": "webmaster@tubo-world.de",
                    "homepage": "https://github.com/Tobion"
                },
                {
                    "name": "Márk Sági-Kazár",
                    "email": "mark.sagikazar@gmail.com",
                    "homepage": "https://sagikazarmark.hu"
                }
            ],
            "description": "PSR-7 message implementation that also provides common utility methods",
            "keywords": [
                "http",
                "message",
                "psr-7",
                "request",
                "response",
                "stream",
                "uri",
                "url"
            ],
            "support": {
                "issues": "https://github.com/guzzle/psr7/issues",
                "source": "https://github.com/guzzle/psr7/tree/2.6.0"
            },
            "funding": [
                {
                    "url": "https://github.com/GrahamCampbell",
                    "type": "github"
                },
                {
                    "url": "https://github.com/Nyholm",
                    "type": "github"
                },
                {
                    "url": "https://tidelift.com/funding/github/packagist/guzzlehttp/psr7",
                    "type": "tidelift"
                }
            ],
            "time": "2023-08-03T15:06:02+00:00"
        },
        {
            "name": "hongxunpan/db",
            "version": "1.0.2",
            "source": {
                "type": "git",
                "url": "https://github.com/HongXunPan/db-connection.git",
                "reference": "1c05ba489caa3de25989144612b240fe4ed098f9"
            },
            "dist": {
                "type": "zip",
                "url": "https://api.github.com/repos/HongXunPan/db-connection/zipball/1c05ba489caa3de25989144612b240fe4ed098f9",
                "reference": "1c05ba489caa3de25989144612b240fe4ed098f9",
                "shasum": ""
            },
            "require": {
                "php": ">=5.6"
            },
            "require-dev": {
                "symfony/var-dumper": "^6.0"
            },
            "type": "library",
            "autoload": {
                "psr-4": {
                    "HongXunPan\\DB\\": "src/"
                }
            },
            "notification-url": "https://packagist.org/downloads/",
            "license": [
                "MIT"
            ],
            "authors": [
                {
                    "name": "HongXunPan",
                    "email": "me@kangxuanpeng.com"
                }
            ],
            "description": "connections for db, such as mysql & redis ...",
            "support": {
                "issues": "https://github.com/HongXunPan/db-connection/issues",
                "source": "https://github.com/HongXunPan/db-connection/tree/1.0.2"
            },
            "time": "2022-10-15T07:30:49+00:00"
        },
        {
            "name": "hongxunpan/php-tools",
            "version": "dev-main",
            "source": {
                "type": "git",
                "url": "https://github.com/HongXunPan/php-tools.git",
                "reference": "3d7616ec08c03feccd936593732cd3cc1e00b6e0"
            },
            "dist": {
                "type": "zip",
                "url": "https://api.github.com/repos/HongXunPan/php-tools/zipball/3d7616ec08c03feccd936593732cd3cc1e00b6e0",
                "reference": "3d7616ec08c03feccd936593732cd3cc1e00b6e0",
                "shasum": ""
            },
            "require": {
                "hongxunpan/db": "1.0.2",
                "php": ">=5.6",
                "wangju/ding-notice": "^1.0"
            },
            "require-dev": {
                "symfony/var-dumper": "^6.0"
            },
            "default-branch": true,
            "type": "library",
            "autoload": {
                "psr-4": {
                    "HongXunPan\\Tools\\": "src/"
                }
            },
            "notification-url": "https://packagist.org/downloads/",
            "license": [
                "MIT"
            ],
            "authors": [
                {
                    "name": "HongXunPan",
                    "email": "me@kangxuanpeng.com"
                }
            ],
            "description": "common php tools and functions",
            "support": {
                "issues": "https://github.com/HongXunPan/php-tools/issues",
                "source": "https://github.com/HongXunPan/php-tools/tree/main"
            },
            "time": "2023-08-12T02:46:06+00:00"
        },
        {
            "name": "hongxunpan/simple-framework",
            "version": "dev-master",
            "source": {
                "type": "git",
                "url": "https://github.com/HongXunPan/simple-framework.git",
                "reference": "7552872843a7219cf74b4a410ddc4c1d57e25543"
            },
            "dist": {
                "type": "zip",
                "url": "https://api.github.com/repos/HongXunPan/simple-framework/zipball/7552872843a7219cf74b4a410ddc4c1d57e25543",
                "reference": "7552872843a7219cf74b4a410ddc4c1d57e25543",
                "shasum": ""
            },
            "require": {
                "hongxunpan/php-tools": "dev-main",
                "illuminate/container": "^9.52",
                "opis/closure": "^3.6",
                "php": "^8.0.20",
                "symfony/var-dumper": "^6.0"
            },
            "default-branch": true,
            "type": "libary",
            "autoload": {
                "files": [
                    "src/helpers.php"
                ],
                "psr-4": {
                    "HongXunPan\\Framework\\": "src/"
                }
            },
            "notification-url": "https://packagist.org/downloads/",
            "license": [
                "MIT"
            ],
            "authors": [
                {
                    "name": "HongXunPan",
                    "email": "me@kangxuanpeng.com"
                }
            ],
            "description": "core framework for simple-php by HongXunPan",
            "support": {
                "issues": "https://github.com/HongXunPan/simple-framework/issues",
                "source": "https://github.com/HongXunPan/simple-framework/tree/master"
            },
            "time": "2023-08-12T06:06:14+00:00"
        },
        {
            "name": "illuminate/container",
            "version": "9.x-dev",
            "source": {
                "type": "git",
                "url": "https://github.com/illuminate/container.git",
                "reference": "1641dda2d0750b68bb1264a3b37ff3973f2e6265"
            },
            "dist": {
                "type": "zip",
                "url": "https://api.github.com/repos/illuminate/container/zipball/1641dda2d0750b68bb1264a3b37ff3973f2e6265",
                "reference": "1641dda2d0750b68bb1264a3b37ff3973f2e6265",
                "shasum": ""
            },
            "require": {
                "illuminate/contracts": "^9.0",
                "php": "^8.0.2",
                "psr/container": "^1.1.1|^2.0.1"
            },
            "provide": {
                "psr/container-implementation": "1.1|2.0"
            },
            "type": "library",
            "extra": {
                "branch-alias": {
                    "dev-master": "9.x-dev"
                }
            },
            "autoload": {
                "psr-4": {
                    "Illuminate\\Container\\": ""
                }
            },
            "notification-url": "https://packagist.org/downloads/",
            "license": [
                "MIT"
            ],
            "authors": [
                {
                    "name": "Taylor Otwell",
                    "email": "taylor@laravel.com"
                }
            ],
            "description": "The Illuminate Container package.",
            "homepage": "https://laravel.com",
            "support": {
                "issues": "https://github.com/laravel/framework/issues",
                "source": "https://github.com/laravel/framework"
            },
            "time": "2023-01-24T16:54:18+00:00"
        },
        {
            "name": "illuminate/contracts",
            "version": "9.x-dev",
            "source": {
                "type": "git",
                "url": "https://github.com/illuminate/contracts.git",
                "reference": "44f65d723b13823baa02ff69751a5948bde60c22"
            },
            "dist": {
                "type": "zip",
                "url": "https://api.github.com/repos/illuminate/contracts/zipball/44f65d723b13823baa02ff69751a5948bde60c22",
                "reference": "44f65d723b13823baa02ff69751a5948bde60c22",
                "shasum": ""
            },
            "require": {
                "php": "^8.0.2",
                "psr/container": "^1.1.1|^2.0.1",
                "psr/simple-cache": "^1.0|^2.0|^3.0"
            },
            "type": "library",
            "extra": {
                "branch-alias": {
                    "dev-master": "9.x-dev"
                }
            },
            "autoload": {
                "psr-4": {
                    "Illuminate\\Contracts\\": ""
                }
            },
            "notification-url": "https://packagist.org/downloads/",
            "license": [
                "MIT"
            ],
            "authors": [
                {
                    "name": "Taylor Otwell",
                    "email": "taylor@laravel.com"
                }
            ],
            "description": "The Illuminate Contracts package.",
            "homepage": "https://laravel.com",
            "support": {
                "issues": "https://github.com/laravel/framework/issues",
                "source": "https://github.com/laravel/framework"
            },
            "time": "2023-02-08T14:36:30+00:00"
        },
        {
            "name": "opis/closure",
            "version": "dev-master",
            "source": {
                "type": "git",
                "url": "https://github.com/opis/closure.git",
                "reference": "3d81e4309d2a927abbe66df935f4bb60082805ad"
            },
            "dist": {
                "type": "zip",
                "url": "https://api.github.com/repos/opis/closure/zipball/3d81e4309d2a927abbe66df935f4bb60082805ad",
                "reference": "3d81e4309d2a927abbe66df935f4bb60082805ad",
                "shasum": ""
            },
            "require": {
                "php": "^5.4 || ^7.0 || ^8.0"
            },
            "require-dev": {
                "jeremeamia/superclosure": "^2.0",
                "phpunit/phpunit": "^4.0 || ^5.0 || ^6.0 || ^7.0 || ^8.0 || ^9.0"
            },
            "default-branch": true,
            "type": "library",
            "extra": {
                "branch-alias": {
                    "dev-master": "3.6.x-dev"
                }
            },
            "autoload": {
                "files": [
                    "functions.php"
                ],
                "psr-4": {
                    "Opis\\Closure\\": "src/"
                }
            },
            "notification-url": "https://packagist.org/downloads/",
            "license": [
                "MIT"
            ],
            "authors": [
                {
                    "name": "Marius Sarca",
                    "email": "marius.sarca@gmail.com"
                },
                {
                    "name": "Sorin Sarca",
                    "email": "sarca_sorin@hotmail.com"
                }
            ],
            "description": "A library that can be used to serialize closures (anonymous functions) and arbitrary objects.",
            "homepage": "https://opis.io/closure",
            "keywords": [
                "anonymous functions",
                "closure",
                "function",
                "serializable",
                "serialization",
                "serialize"
            ],
            "support": {
                "issues": "https://github.com/opis/closure/issues",
                "source": "https://github.com/opis/closure/tree/3.6.3"
            },
            "time": "2022-01-27T09:35:39+00:00"
        },
        {
            "name": "psr/container",
            "version": "dev-master",
            "source": {
                "type": "git",
                "url": "https://github.com/php-fig/container.git",
                "reference": "90db7b9ac2a2c5b849fcb69dde58f3ae182c68f5"
            },
            "dist": {
                "type": "zip",
                "url": "https://api.github.com/repos/php-fig/container/zipball/90db7b9ac2a2c5b849fcb69dde58f3ae182c68f5",
                "reference": "90db7b9ac2a2c5b849fcb69dde58f3ae182c68f5",
                "shasum": ""
            },
            "require": {
                "php": ">=7.4.0"
            },
            "default-branch": true,
            "type": "library",
            "extra": {
                "branch-alias": {
                    "dev-master": "2.0.x-dev"
                }
            },
            "autoload": {
                "psr-4": {
                    "Psr\\Container\\": "src/"
                }
            },
            "notification-url": "https://packagist.org/downloads/",
            "license": [
                "MIT"
            ],
            "authors": [
                {
                    "name": "PHP-FIG",
                    "homepage": "https://www.php-fig.org/"
                }
            ],
            "description": "Common Container Interface (PHP FIG PSR-11)",
            "homepage": "https://github.com/php-fig/container",
            "keywords": [
                "PSR-11",
                "container",
                "container-interface",
                "container-interop",
                "psr"
            ],
            "support": {
                "issues": "https://github.com/php-fig/container/issues",
                "source": "https://github.com/php-fig/container/tree/master"
            },
            "time": "2022-07-19T17:36:59+00:00"
        },
        {
            "name": "psr/http-client",
            "version": "dev-master",
            "source": {
                "type": "git",
                "url": "https://github.com/php-fig/http-client.git",
                "reference": "0955afe48220520692d2d09f7ab7e0f93ffd6a31"
            },
            "dist": {
                "type": "zip",
                "url": "https://api.github.com/repos/php-fig/http-client/zipball/0955afe48220520692d2d09f7ab7e0f93ffd6a31",
                "reference": "0955afe48220520692d2d09f7ab7e0f93ffd6a31",
                "shasum": ""
            },
            "require": {
                "php": "^7.0 || ^8.0",
                "psr/http-message": "^1.0 || ^2.0"
            },
            "default-branch": true,
            "type": "library",
            "extra": {
                "branch-alias": {
                    "dev-master": "1.0.x-dev"
                }
            },
            "autoload": {
                "psr-4": {
                    "Psr\\Http\\Client\\": "src/"
                }
            },
            "notification-url": "https://packagist.org/downloads/",
            "license": [
                "MIT"
            ],
            "authors": [
                {
                    "name": "PHP-FIG",
                    "homepage": "https://www.php-fig.org/"
                }
            ],
            "description": "Common interface for HTTP clients",
            "homepage": "https://github.com/php-fig/http-client",
            "keywords": [
                "http",
                "http-client",
                "psr",
                "psr-18"
            ],
            "support": {
                "source": "https://github.com/php-fig/http-client/tree/1.0.2"
            },
            "time": "2023-04-10T20:12:12+00:00"
        },
        {
            "name": "psr/http-factory",
            "version": "dev-master",
            "source": {
                "type": "git",
                "url": "https://github.com/php-fig/http-factory.git",
                "reference": "6d70f402f0eddb2b154b22950b5381bbf5b28469"
            },
            "dist": {
                "type": "zip",
                "url": "https://api.github.com/repos/php-fig/http-factory/zipball/6d70f402f0eddb2b154b22950b5381bbf5b28469",
                "reference": "6d70f402f0eddb2b154b22950b5381bbf5b28469",
                "shasum": ""
            },
            "require": {
                "php": ">=7.0.0",
                "psr/http-message": "^1.0 || ^2.0"
            },
            "default-branch": true,
            "type": "library",
            "extra": {
                "branch-alias": {
                    "dev-master": "1.0.x-dev"
                }
            },
            "autoload": {
                "psr-4": {
                    "Psr\\Http\\Message\\": "src/"
                }
            },
            "notification-url": "https://packagist.org/downloads/",
            "license": [
                "MIT"
            ],
            "authors": [
                {
                    "name": "PHP-FIG",
                    "homepage": "https://www.php-fig.org/"
                }
            ],
            "description": "PSR-17: Common interfaces for PSR-7 HTTP message factories",
            "keywords": [
                "factory",
                "http",
                "message",
                "psr",
                "psr-17",
                "psr-7",
                "request",
                "response"
            ],
            "support": {
                "source": "https://github.com/php-fig/http-factory/tree/master"
            },
            "time": "2023-05-17T18:32:11+00:00"
        },
        {
            "name": "psr/http-message",
            "version": "dev-master",
            "source": {
                "type": "git",
                "url": "https://github.com/php-fig/http-message.git",
                "reference": "402d35bcb92c70c026d1a6a9883f06b2ead23d71"
            },
            "dist": {
                "type": "zip",
                "url": "https://api.github.com/repos/php-fig/http-message/zipball/402d35bcb92c70c026d1a6a9883f06b2ead23d71",
                "reference": "402d35bcb92c70c026d1a6a9883f06b2ead23d71",
                "shasum": ""
            },
            "require": {
                "php": "^7.2 || ^8.0"
            },
            "default-branch": true,
            "type": "library",
            "extra": {
                "branch-alias": {
                    "dev-master": "2.0.x-dev"
                }
            },
            "autoload": {
                "psr-4": {
                    "Psr\\Http\\Message\\": "src/"
                }
            },
            "notification-url": "https://packagist.org/downloads/",
            "license": [
                "MIT"
            ],
            "authors": [
                {
                    "name": "PHP-FIG",
                    "homepage": "https://www.php-fig.org/"
                }
            ],
            "description": "Common interface for HTTP messages",
            "homepage": "https://github.com/php-fig/http-message",
            "keywords": [
                "http",
                "http-message",
                "psr",
                "psr-7",
                "request",
                "response"
            ],
            "support": {
                "source": "https://github.com/php-fig/http-message/tree/2.0"
            },
            "time": "2023-04-04T09:54:51+00:00"
        },
        {
            "name": "psr/simple-cache",
            "version": "dev-master",
            "source": {
                "type": "git",
                "url": "https://github.com/php-fig/simple-cache.git",
                "reference": "2d280c2aaa23a120f35d55cfde8581954a8e77fa"
            },
            "dist": {
                "type": "zip",
                "url": "https://api.github.com/repos/php-fig/simple-cache/zipball/2d280c2aaa23a120f35d55cfde8581954a8e77fa",
                "reference": "2d280c2aaa23a120f35d55cfde8581954a8e77fa",
                "shasum": ""
            },
            "require": {
                "php": ">=8.0.0"
            },
            "default-branch": true,
            "type": "library",
            "extra": {
                "branch-alias": {
                    "dev-master": "3.0.x-dev"
                }
            },
            "autoload": {
                "psr-4": {
                    "Psr\\SimpleCache\\": "src/"
                }
            },
            "notification-url": "https://packagist.org/downloads/",
            "license": [
                "MIT"
            ],
            "authors": [
                {
                    "name": "PHP-FIG",
                    "homepage": "https://www.php-fig.org/"
                }
            ],
            "description": "Common interfaces for simple caching",
            "keywords": [
                "cache",
                "caching",
                "psr",
                "psr-16",
                "simple-cache"
            ],
            "support": {
                "source": "https://github.com/php-fig/simple-cache/tree/master"
            },
            "time": "2022-04-08T16:41:45+00:00"
        },
        {
            "name": "ralouphie/getallheaders",
            "version": "3.0.3",
            "source": {
                "type": "git",
                "url": "https://github.com/ralouphie/getallheaders.git",
                "reference": "120b605dfeb996808c31b6477290a714d356e822"
            },
            "dist": {
                "type": "zip",
                "url": "https://api.github.com/repos/ralouphie/getallheaders/zipball/120b605dfeb996808c31b6477290a714d356e822",
                "reference": "120b605dfeb996808c31b6477290a714d356e822",
                "shasum": ""
            },
            "require": {
                "php": ">=5.6"
            },
            "require-dev": {
                "php-coveralls/php-coveralls": "^2.1",
                "phpunit/phpunit": "^5 || ^6.5"
            },
            "type": "library",
            "autoload": {
                "files": [
                    "src/getallheaders.php"
                ]
            },
            "notification-url": "https://packagist.org/downloads/",
            "license": [
                "MIT"
            ],
            "authors": [
                {
                    "name": "Ralph Khattar",
                    "email": "ralph.khattar@gmail.com"
                }
            ],
            "description": "A polyfill for getallheaders.",
            "support": {
                "issues": "https://github.com/ralouphie/getallheaders/issues",
                "source": "https://github.com/ralouphie/getallheaders/tree/develop"
            },
            "time": "2019-03-08T08:55:37+00:00"
        },
        {
            "name": "symfony/deprecation-contracts",
            "version": "3.0.x-dev",
            "source": {
                "type": "git",
                "url": "https://github.com/symfony/deprecation-contracts.git",
                "reference": "c30dd04b9a303689a26d7986f7cffce04203a107"
            },
            "dist": {
                "type": "zip",
                "url": "https://api.github.com/repos/symfony/deprecation-contracts/zipball/c30dd04b9a303689a26d7986f7cffce04203a107",
                "reference": "c30dd04b9a303689a26d7986f7cffce04203a107",
                "shasum": ""
            },
            "require": {
                "php": ">=8.0.2"
            },
            "type": "library",
            "extra": {
                "branch-alias": {
                    "dev-main": "3.0-dev"
                },
                "thanks": {
                    "name": "symfony/contracts",
                    "url": "https://github.com/symfony/contracts"
                }
            },
            "autoload": {
                "files": [
                    "function.php"
                ]
            },
            "notification-url": "https://packagist.org/downloads/",
            "license": [
                "MIT"
            ],
            "authors": [
                {
                    "name": "Nicolas Grekas",
                    "email": "p@tchwork.com"
                },
                {
                    "name": "Symfony Community",
                    "homepage": "https://symfony.com/contributors"
                }
            ],
            "description": "A generic function and convention to trigger deprecation notices",
            "homepage": "https://symfony.com",
            "support": {
                "source": "https://github.com/symfony/deprecation-contracts/tree/3.0"
            },
            "funding": [
                {
                    "url": "https://symfony.com/sponsor",
                    "type": "custom"
                },
                {
                    "url": "https://github.com/fabpot",
                    "type": "github"
                },
                {
                    "url": "https://tidelift.com/funding/github/packagist/symfony/symfony",
                    "type": "tidelift"
                }
            ],
            "time": "2023-01-01T08:36:10+00:00"
        },
        {
            "name": "symfony/polyfill-mbstring",
            "version": "1.x-dev",
            "source": {
                "type": "git",
                "url": "https://github.com/symfony/polyfill-mbstring.git",
                "reference": "42292d99c55abe617799667f454222c54c60e229"
            },
            "dist": {
                "type": "zip",
                "url": "https://api.github.com/repos/symfony/polyfill-mbstring/zipball/42292d99c55abe617799667f454222c54c60e229",
                "reference": "42292d99c55abe617799667f454222c54c60e229",
                "shasum": ""
            },
            "require": {
                "php": ">=7.1"
            },
            "provide": {
                "ext-mbstring": "*"
            },
            "suggest": {
                "ext-mbstring": "For best performance"
            },
            "default-branch": true,
            "type": "library",
            "extra": {
                "branch-alias": {
                    "dev-main": "1.28-dev"
                },
                "thanks": {
                    "name": "symfony/polyfill",
                    "url": "https://github.com/symfony/polyfill"
                }
            },
            "autoload": {
                "files": [
                    "bootstrap.php"
                ],
                "psr-4": {
                    "Symfony\\Polyfill\\Mbstring\\": ""
                }
            },
            "notification-url": "https://packagist.org/downloads/",
            "license": [
                "MIT"
            ],
            "authors": [
                {
                    "name": "Nicolas Grekas",
                    "email": "p@tchwork.com"
                },
                {
                    "name": "Symfony Community",
                    "homepage": "https://symfony.com/contributors"
                }
            ],
            "description": "Symfony polyfill for the Mbstring extension",
            "homepage": "https://symfony.com",
            "keywords": [
                "compatibility",
                "mbstring",
                "polyfill",
                "portable",
                "shim"
            ],
            "support": {
                "source": "https://github.com/symfony/polyfill-mbstring/tree/1.x"
            },
            "funding": [
                {
                    "url": "https://symfony.com/sponsor",
                    "type": "custom"
                },
                {
                    "url": "https://github.com/fabpot",
                    "type": "github"
                },
                {
                    "url": "https://tidelift.com/funding/github/packagist/symfony/symfony",
                    "type": "tidelift"
                }
            ],
            "time": "2023-07-28T09:04:16+00:00"
        },
        {
            "name": "symfony/var-dumper",
            "version": "6.0.x-dev",
            "source": {
                "type": "git",
                "url": "https://github.com/symfony/var-dumper.git",
                "reference": "eb980457fa6899840fe1687e8627a03a7d8a3d52"
            },
            "dist": {
                "type": "zip",
                "url": "https://api.github.com/repos/symfony/var-dumper/zipball/eb980457fa6899840fe1687e8627a03a7d8a3d52",
                "reference": "eb980457fa6899840fe1687e8627a03a7d8a3d52",
                "shasum": ""
            },
            "require": {
                "php": ">=8.0.2",
                "symfony/polyfill-mbstring": "~1.0"
            },
            "conflict": {
                "phpunit/phpunit": "<5.4.3",
                "symfony/console": "<5.4"
            },
            "require-dev": {
                "ext-iconv": "*",
                "symfony/console": "^5.4|^6.0",
                "symfony/process": "^5.4|^6.0",
                "symfony/uid": "^5.4|^6.0",
                "twig/twig": "^2.13|^3.0.4"
            },
            "suggest": {
                "ext-iconv": "To convert non-UTF-8 strings to UTF-8 (or symfony/polyfill-iconv in case ext-iconv cannot be used).",
                "ext-intl": "To show region name in time zone dump",
                "symfony/console": "To use the ServerDumpCommand and/or the bin/var-dump-server script"
            },
            "bin": [
                "Resources/bin/var-dump-server"
            ],
            "type": "library",
            "autoload": {
                "files": [
                    "Resources/functions/dump.php"
                ],
                "psr-4": {
                    "Symfony\\Component\\VarDumper\\": ""
                },
                "exclude-from-classmap": [
                    "/Tests/"
                ]
            },
            "notification-url": "https://packagist.org/downloads/",
            "license": [
                "MIT"
            ],
            "authors": [
                {
                    "name": "Nicolas Grekas",
                    "email": "p@tchwork.com"
                },
                {
                    "name": "Symfony Community",
                    "homepage": "https://symfony.com/contributors"
                }
            ],
            "description": "Provides mechanisms for walking through any arbitrary PHP variable",
            "homepage": "https://symfony.com",
            "keywords": [
                "debug",
                "dump"
            ],
            "support": {
                "source": "https://github.com/symfony/var-dumper/tree/6.0"
            },
            "funding": [
                {
                    "url": "https://symfony.com/sponsor",
                    "type": "custom"
                },
                {
                    "url": "https://github.com/fabpot",
                    "type": "github"
                },
                {
                    "url": "https://tidelift.com/funding/github/packagist/symfony/symfony",
                    "type": "tidelift"
                }
            ],
            "time": "2023-01-20T17:44:14+00:00"
        },
        {
            "name": "wangju/ding-notice",
            "version": "1.0.10",
            "source": {
                "type": "git",
                "url": "https://github.com/wowiwj/ding-notice.git",
                "reference": "a5392c649e94209af261df17706130b1f5c640c9"
            },
            "dist": {
                "type": "zip",
                "url": "https://api.github.com/repos/wowiwj/ding-notice/zipball/a5392c649e94209af261df17706130b1f5c640c9",
                "reference": "a5392c649e94209af261df17706130b1f5c640c9",
                "shasum": ""
            },
            "require": {
                "guzzlehttp/guzzle": "^6.2|^7.0",
                "php": ">=7.0"
            },
            "require-dev": {
                "mockery/mockery": "^1.2",
                "phpunit/phpunit": "^5.7"
            },
            "type": "library",
            "extra": {
                "laravel": {
                    "providers": [
                        "DingNotice\\DingNoticeServiceProvider"
                    ]
                }
            },
            "autoload": {
                "files": [
                    "src/helpers.php"
                ],
                "psr-4": {
                    "DingNotice\\": "src/"
                }
            },
            "notification-url": "https://packagist.org/downloads/",
            "license": [
                "MIT"
            ],
            "authors": [
                {
                    "name": "王举",
                    "email": "35649084@qq.com"
                }
            ],
            "description": "a dingtalk robot message handle for send message",
            "keywords": [
                "ding notice",
                "ding talk",
                "laravel"
            ],
            "support": {
                "issues": "https://github.com/wowiwj/ding-notice/issues",
                "source": "https://github.com/wowiwj/ding-notice/tree/1.0.10"
            },
            "time": "2020-11-05T01:31:09+00:00"
        }
    ],
    "packages-dev": [],
    "aliases": [],
    "minimum-stability": "dev",
    "stability-flags": [],
    "prefer-stable": false,
    "prefer-lowest": false,
    "platform": {
        "php": "^8.0.20"
    },
    "platform-dev": [],
    "plugin-api-version": "2.3.0"
}
